
Microsoft Visual Studio Solution File, Format Version 12.00
# Visual Studio Version 17
VisualStudioVersion = 17.5.33424.131
MinimumVisualStudioVersion = 10.0.40219.1
Project("{FAE04EC0-301F-11D3-BF4B-00C04F79EFBC}") = "ModernUI2302", "ModernUI2302\ModernUI2302.csproj", "{E490E29F-141C-4C0C-BE09-E6A9F0D95F67}"
EndProject
Global
	GlobalSection(SolutionConfigurationPlatforms) = preSolution
		Debug|Any CPU = Debug|Any CPU
		Release|Any CPU = Release|Any CPU
	EndGlobalSection
	GlobalSection(ProjectConfigurationPlatforms) = postSolution
		{E490E29F-141C-4C0C-BE09-E6A9F0D95F67}.Debug|Any CPU.ActiveCfg = Debug|Any CPU
		{E490E29F-141C-4C0C-BE09-E6A9F0D95F67}.Debug|Any CPU.Build.0 = Debug|Any CPU
		{E490E29F-141C-4C0C-BE09-E6A9F0D95F67}.Release|Any CPU.ActiveCfg = Release|Any CPU
		{E490E29F-141C-4C0C-BE09-E6A9F0D95F67}.Release|Any CPU.Build.0 = Release|Any CPU
	EndGlobalSection
	GlobalSection(SolutionProperties) = preSolution
		HideSolutionNode = FALSE
	EndGlobalSection
	GlobalSection(ExtensibilityGlobals) = postSolution
		SolutionGuid = {464F07DA-C44B-4FBF-BB76-4BBC594CB8EF}
	EndGlobalSection
EndGlobal
